// !$*UTF8*$!
{
	archiveVersion = 1;
	classes = {
	};
	objectVersion = 46;
	objects = {

/* Begin PBXBuildFile section */
		8677A7547383B401E514C528 /* libPods-YHStackTests.a in Frameworks */ = {isa = PBXBuildFile; fileRef = CC7195D2A42842D1E87A4038 /* libPods-YHStackTests.a */; };
		F039471B1A725763009C03AA /* main.m in Sources */ = {isa = PBXBuildFile; fileRef = F039471A1A725763009C03AA /* main.m */; };
		F039471E1A725763009C03AA /* AppDelegate.m in Sources */ = {isa = PBXBuildFile; fileRef = F039471D1A725763009C03AA /* AppDelegate.m */; };
		F03947261A725763009C03AA /* Images.xcassets in Resources */ = {isa = PBXBuildFile; fileRef = F03947251A725763009C03AA /* Images.xcassets */; };
		F03947351A725763009C03AA /* YHStackTests.m in Sources */ = {isa = PBXBuildFile; fileRef = F03947341A725763009C03AA /* YHStackTests.m */; };
		F03947431A7259CD009C03AA /* YHStack.m in Sources */ = {isa = PBXBuildFile; fileRef = F03947421A7259CD009C03AA /* YHStack.m */; };
/* End PBXBuildFile section */

/* Begin PBXContainerItemProxy section */
		F039472F1A725763009C03AA /* PBXContainerItemProxy */ = {
			isa = PBXContainerItemProxy;
			containerPortal = F039470D1A725763009C03AA /* Project object */;
			proxyType = 1;
			remoteGlobalIDString = F03947141A725763009C03AA;
			remoteInfo = YHStack;
		};
/* End PBXContainerItemProxy section */

/* Begin PBXFileReference section */
		4F36974BA0C52273C80910F5 /* Pods-YHStackTests.release.xcconfig */ = {isa = PBXFileReference; includeInIndex = 1; lastKnownFileType = text.xcconfig; name = "Pods-YHStackTests.release.xcconfig"; path = "Pods/Target Support Files/Pods-YHStackTests/Pods-YHStackTests.release.xcconfig"; sourceTree = "<group>"; };
		AEC99D8EB836A881051707F4 /* Pods-YHStackTests.debug.xcconfig */ = {isa = PBXFileReference; includeInIndex = 1; lastKnownFileType = text.xcconfig; name = "Pods-YHStackTests.debug.xcconfig"; path = "Pods/Target Support Files/Pods-YHStackTests/Pods-YHStackTests.debug.xcconfig"; sourceTree = "<group>"; };
		CC7195D2A42842D1E87A4038 /* libPods-YHStackTests.a */ = {isa = PBXFileReference; explicitFileType = archive.ar; includeInIndex = 0; path = "libPods-YHStackTests.a"; sourceTree = BUILT_PRODUCTS_DIR; };
		F03947151A725763009C03AA /* YHStack.app */ = {isa = PBXFileReference; explicitFileType = wrapper.application; includeInIndex = 0; path = YHStack.app; sourceTree = BUILT_PRODUCTS_DIR; };
		F03947191A725763009C03AA /* Info.plist */ = {isa = PBXFileReference; lastKnownFileType = text.plist.xml; path = Info.plist; sourceTree = "<group>"; };
		F039471A1A725763009C03AA /* main.m */ = {isa = PBXFileReference; lastKnownFileType = sourcecode.c.objc; path = main.m; sourceTree = "<group>"; };
		F039471C1A725763009C03AA /* AppDelegate.h */ = {isa = PBXFileReference; lastKnownFileType = sourcecode.c.h; path = AppDelegate.h; sourceTree = "<group>"; };
		F039471D1A725763009C03AA /* AppDelegate.m */ = {isa = PBXFileReference; lastKnownFileType = sourcecode.c.objc; path = AppDelegate.m; sourceTree = "<group>"; };
		F03947251A725763009C03AA /* Images.xcassets */ = {isa = PBXFileReference; lastKnownFileType = folder.assetcatalog; path = Images.xcassets; sourceTree = "<group>"; };
		F039472E1A725763009C03AA /* YHStackTests.xctest */ = {isa = PBXFileReference; explicitFileType = wrapper.cfbundle; includeInIndex = 0; path = YHStackTests.xctest; sourceTree = BUILT_PRODUCTS_DIR; };
		F03947331A725763009C03AA /* Info.plist */ = {isa = PBXFileReference; lastKnownFileType = text.plist.xml; path = Info.plist; sourceTree = "<group>"; };
		F03947341A725763009C03AA /* YHStackTests.m */ = {isa = PBXFileReference; lastKnownFileType = sourcecode.c.objc; path = YHStackTests.m; sourceTree = "<group>"; };
		F03947411A7259CD009C03AA /* YHStack.h */ = {isa = PBXFileReference; fileEncoding = 4; lastKnownFileType = sourcecode.c.h; path = YHStack.h; sourceTree = "<group>"; };
		F03947421A7259CD009C03AA /* YHStack.m */ = {isa = PBXFileReference; fileEncoding = 4; lastKnownFileType = sourcecode.c.objc; path = YHStack.m; sourceTree = "<group>"; };
/* End PBXFileReference section */

/* Begin PBXFrameworksBuildPhase section */
		F03947121A725763009C03AA /* Frameworks */ = {
			isa = PBXFrameworksBuildPhase;
			buildActionMask = 2147483647;
			files = (
			);
			runOnlyForDeploymentPostprocessing = 0;
		};
		F039472B1A725763009C03AA /* Frameworks */ = {
			isa = PBXFrameworksBuildPhase;
			buildActionMask = 2147483647;
			files = (
				8677A7547383B401E514C528 /* libPods-YHStackTests.a in Frameworks */,
			);
			runOnlyForDeploymentPostprocessing = 0;
		};
/* End PBXFrameworksBuildPhase section */

/* Begin PBXGroup section */
		507E5577CD309397CA4EE656 /* Frameworks */ = {
			isa = PBXGroup;
			children = (
				CC7195D2A42842D1E87A4038 /* libPods-YHStackTests.a */,
			);
			name = Frameworks;
			sourceTree = "<group>";
		};
		6B914F76F8FEE41E72799DD5 /* Pods */ = {
			isa = PBXGroup;
			children = (
				AEC99D8EB836A881051707F4 /* Pods-YHStackTests.debug.xcconfig */,
				4F36974BA0C52273C80910F5 /* Pods-YHStackTests.release.xcconfig */,
			);
			name = Pods;
			sourceTree = "<group>";
		};
		F039470C1A725763009C03AA = {
			isa = PBXGroup;
			children = (
				F03947171A725763009C03AA /* YHStack */,
				F03947311A725763009C03AA /* YHStackTests */,
				F03947161A725763009C03AA /* Products */,
				6B914F76F8FEE41E72799DD5 /* Pods */,
				507E5577CD309397CA4EE656 /* Frameworks */,
			);
			sourceTree = "<group>";
		};
		F03947161A725763009C03AA /* Products */ = {
			isa = PBXGroup;
			children = (
				F03947151A725763009C03AA /* YHStack.app */,
				F039472E1A725763009C03AA /* YHStackTests.xctest */,
			);
			name = Products;
			sourceTree = "<group>";
		};
		F03947171A725763009C03AA /* YHStack */ = {
			isa = PBXGroup;
			children = (
				F039471C1A725763009C03AA /* AppDelegate.h */,
				F039471D1A725763009C03AA /* AppDelegate.m */,
				F03947411A7259CD009C03AA /* YHStack.h */,
				F03947421A7259CD009C03AA /* YHStack.m */,
				F03947251A725763009C03AA /* Images.xcassets */,
				F03947181A725763009C03AA /* Supporting Files */,
			);
			path = YHStack;
			sourceTree = "<group>";
		};
		F03947181A725763009C03AA /* Supporting Files */ = {
			isa = PBXGroup;
			children = (
				F03947191A725763009C03AA /* Info.plist */,
				F039471A1A725763009C03AA /* main.m */,
			);
			name = "Supporting Files";
			sourceTree = "<group>";
		};
		F03947311A725763009C03AA /* YHStackTests */ = {
			isa = PBXGroup;
			children = (
				F03947341A725763009C03AA /* YHStackTests.m */,
				F03947321A725763009C03AA /* Supporting Files */,
			);
			path = YHStackTests;
			sourceTree = "<group>";
		};
		F03947321A725763009C03AA /* Supporting Files */ = {
			isa = PBXGroup;
			children = (
				F03947331A725763009C03AA /* Info.plist */,
			);
			name = "Supporting Files";
			sourceTree = "<group>";
		};
/* End PBXGroup section */

/* Begin PBXNativeTarget section */
		F03947141A725763009C03AA /* YHStack */ = {
			isa = PBXNativeTarget;
			buildConfigurationList = F03947381A725763009C03AA /* Build configuration list for PBXNativeTarget "YHStack" */;
			buildPhases = (
				F03947111A725763009C03AA /* Sources */,
				F03947121A725763009C03AA /* Frameworks */,
				F03947131A725763009C03AA /* Resources */,
			);
			buildRules = (
			);
			dependencies = (
			);
			name = YHStack;
			productName = YHStack;
			productReference = F03947151A725763009C03AA /* YHStack.app */;
			productType = "com.apple.product-type.application";
		};
		F039472D1A725763009C03AA /* YHStackTests */ = {
			isa = PBXNativeTarget;
			buildConfigurationList = F039473B1A725763009C03AA /* Build configuration list for PBXNativeTarget "YHStackTests" */;
			buildPhases = (
				56BC034B36A67131A673A1C8 /* Check Pods Manifest.lock */,
				F039472A1A725763009C03AA /* Sources */,
				F039472B1A725763009C03AA /* Frameworks */,
				F039472C1A725763009C03AA /* Resources */,
				CCA573CBB76D91BBCEA175E8 /* Copy Pods Resources */,
			);
			buildRules = (
			);
			dependencies = (
				F03947301A725763009C03AA /* PBXTargetDependency */,
			);
			name = YHStackTests;
			productName = YHStackTests;
			productReference = F039472E1A725763009C03AA /* YHStackTests.xctest */;
			productType = "com.apple.product-type.bundle.unit-test";
		};
/* End PBXNativeTarget section */

/* Begin PBXProject section */
		F039470D1A725763009C03AA /* Project object */ = {
			isa = PBXProject;
			attributes = {
				LastUpgradeCheck = 0610;
				ORGANIZATIONNAME = "Andy Huang";
				TargetAttributes = {
					F03947141A725763009C03AA = {
						CreatedOnToolsVersion = 6.1.1;
					};
					F039472D1A725763009C03AA = {
						CreatedOnToolsVersion = 6.1.1;
						TestTargetID = F03947141A725763009C03AA;
					};
				};
			};
			buildConfigurationList = F03947101A725763009C03AA /* Build configuration list for PBXProject "YHStack" */;
			compatibilityVersion = "Xcode 3.2";
			developmentRegion = English;
			hasScannedForEncodings = 0;
			knownRegions = (
				en,
				Base,
			);
			mainGroup = F039470C1A725763009C03AA;
			productRefGroup = F03947161A725763009C03AA /* Products */;
			projectDirPath = "";
			projectRoot = "";
			targets = (
				F03947141A725763009C03AA /* YHStack */,
				F039472D1A725763009C03AA /* YHStackTests */,
			);
		};
/* End PBXProject section */

/* Begin PBXResourcesBuildPhase section */
		F03947131A725763009C03AA /* Resources */ = {
			isa = PBXResourcesBuildPhase;
			buildActionMask = 2147483647;
			files = (
				F03947261A725763009C03AA /* Images.xcassets in Resources */,
			);
			runOnlyForDeploymentPostprocessing = 0;
		};
		F039472C1A725763009C03AA /* Resources */ = {
			isa = PBXResourcesBuildPhase;
			buildActionMask = 2147483647;
			files = (
			);
			runOnlyForDeploymentPostprocessing = 0;
		};
/* End PBXResourcesBuildPhase section */

/* Begin PBXShellScriptBuildPhase section */
		56BC034B36A67131A673A1C8 /* Check Pods Manifest.lock */ = {
			isa = PBXShellScriptBuildPhase;
			buildActionMask = 2147483647;
			files = (
			);
			inputPaths = (
			);
			name = "Check Pods Manifest.lock";
			outputPaths = (
			);
			runOnlyForDeploymentPostprocessing = 0;
			shellPath = /bin/sh;
			shellScript = "diff \"${PODS_ROOT}/../Podfile.lock\" \"${PODS_ROOT}/Manifest.lock\" > /dev/null\nif [[ $? != 0 ]] ; then\n    cat << EOM\nerror: The sandbox is not in sync with the Podfile.lock. Run 'pod install' or update your CocoaPods installation.\nEOM\n    exit 1\nfi\n";
			showEnvVarsInLog = 0;
		};
		CCA573CBB76D91BBCEA175E8 /* Copy Pods Resources */ = {
			isa = PBXShellScriptBuildPhase;
			buildActionMask = 2147483647;
			files = (
			);
			inputPaths = (
			);
			name = "Copy Pods Resources";
			outputPaths = (
			);
			runOnlyForDeploymentPostprocessing = 0;
			shellPath = /bin/sh;
			shellScript = "\"${SRCROOT}/Pods/Target Support Files/Pods-YHStackTests/Pods-YHStackTests-resources.sh\"\n";
			showEnvVarsInLog = 0;
		};
/* End PBXShellScriptBuildPhase section */

/* Begin PBXSourcesBuildPhase section */
		F03947111A725763009C03AA /* Sources */ = {
			isa = PBXSourcesBuildPhase;
			buildActionMask = 2147483647;
			files = (
				F039471E1A725763009C03AA /* AppDelegate.m in Sources */,
				F039471B1A725763009C03AA /* main.m in Sources */,
				F03947431A7259CD009C03AA /* YHStack.m in Sources */,
			);
			runOnlyForDeploymentPostprocessing = 0;
		};
		F039472A1A725763009C03AA /* Sources */ = {
			isa = PBXSourcesBuildPhase;
			buildActionMask = 2147483647;
			files = (
				F03947351A725763009C03AA /* YHStackTests.m in Sources */,
			);
			runOnlyForDeploymentPostprocessing = 0;
		};
/* End PBXSourcesBuildPhase section */

/* Begin PBXTargetDependency section */
		F03947301A725763009C03AA /* PBXTargetDependency */ = {
			isa = PBXTargetDependency;
			target = F03947141A725763009C03AA /* YHStack */;
			targetProxy = F039472F1A725763009C03AA /* PBXContainerItemProxy */;
		};
/* End PBXTargetDependency section */

/* Begin XCBuildConfiguration section */
		F03947361A725763009C03AA /* Debug */ = {
			isa = XCBuildConfiguration;
			buildSettings = {
				ALWAYS_SEARCH_USER_PATHS = NO;
				CLANG_CXX_LANGUAGE_STANDARD = "gnu++0x";
				CLANG_CXX_LIBRARY = "libc++";
				CLANG_ENABLE_MODULES = YES;
				CLANG_ENABLE_OBJC_ARC = YES;
				CLANG_WARN_BOOL_CONVERSION = YES;
				CLANG_WARN_CONSTANT_CONVERSION = YES;
				CLANG_WARN_DIRECT_OBJC_ISA_USAGE = YES_ERROR;
				CLANG_WARN_EMPTY_BODY = YES;
				CLANG_WARN_ENUM_CONVERSION = YES;
				CLANG_WARN_INT_CONVERSION = YES;
				CLANG_WARN_OBJC_ROOT_CLASS = YES_ERROR;
				CLANG_WARN_UNREACHABLE_CODE = YES;
				CLANG_WARN__DUPLICATE_METHOD_MATCH = YES;
				"CODE_SIGN_IDENTITY[sdk=iphoneos*]" = "iPhone Developer";
				COPY_PHASE_STRIP = NO;
				ENABLE_STRICT_OBJC_MSGSEND = YES;
				GCC_C_LANGUAGE_STANDARD = gnu99;
				GCC_DYNAMIC_NO_PIC = NO;
				GCC_OPTIMIZATION_LEVEL = 0;
				GCC_PREPROCESSOR_DEFINITIONS = (
					"DEBUG=1",
					"$(inherited)",
				);
				GCC_SYMBOLS_PRIVATE_EXTERN = NO;
				GCC_WARN_64_TO_32_BIT_CONVERSION = YES;
				GCC_WARN_ABOUT_RETURN_TYPE = YES_ERROR;
				GCC_WARN_UNDECLARED_SELECTOR = YES;
				GCC_WARN_UNINITIALIZED_AUTOS = YES_AGGRESSIVE;
				GCC_WARN_UNUSED_FUNCTION = YES;
				GCC_WARN_UNUSED_VARIABLE = YES;
				IPHONEOS_DEPLOYMENT_TARGET = 8.1;
				MTL_ENABLE_DEBUG_INFO = YES;
				ONLY_ACTIVE_ARCH = YES;
				SDKROOT = iphoneos;
			};
			name = Debug;
		};
		F03947371A725763009C03AA /* Release */ = {
			isa = XCBuildConfiguration;
			buildSettings = {
				ALWAYS_SEARCH_USER_PATHS = NO;
				CLANG_CXX_LANGUAGE_STANDARD = "gnu++0x";
				CLANG_CXX_LIBRARY = "libc++";
				CLANG_ENABLE_MODULES = YES;
				CLANG_ENABLE_OBJC_ARC = YES;
				CLANG_WARN_BOOL_CONVERSION = YES;
				CLANG_WARN_CONSTANT_CONVERSION = YES;
				CLANG_WARN_DIRECT_OBJC_ISA_USAGE = YES_ERROR;
				CLANG_WARN_EMPTY_BODY = YES;
				CLANG_WARN_ENUM_CONVERSION = YES;
				CLANG_WARN_INT_CONVERSION = YES;
				CLANG_WARN_OBJC_ROOT_CLASS = YES_ERROR;
				CLANG_WARN_UNREACHABLE_CODE = YES;
				CLANG_WARN__DUPLICATE_METHOD_MATCH = YES;
				"CODE_SIGN_IDENTITY[sdk=iphoneos*]" = "iPhone Developer";
				COPY_PHASE_STRIP = YES;
				ENABLE_NS_ASSERTIONS = NO;
				ENABLE_STRICT_OBJC_MSGSEND = YES;
				GCC_C_LANGUAGE_STANDARD = gnu99;
				GCC_WARN_64_TO_32_BIT_CONVERSION = YES;
				GCC_WARN_ABOUT_RETURN_TYPE = YES_ERROR;
				GCC_WARN_UNDECLARED_SELECTOR = YES;
				GCC_WARN_UNINITIALIZED_AUTOS = YES_AGGRESSIVE;
				GCC_WARN_UNUSED_FUNCTION = YES;
				GCC_WARN_UNUSED_VARIABLE = YES;
				IPHONEOS_DEPLOYMENT_TARGET = 8.1;
				MTL_ENABLE_DEBUG_INFO = NO;
				SDKROOT = iphoneos;
				VALIDATE_PRODUCT = YES;
			};
			name = Release;
		};
		F03947391A725763009C03AA /* Debug */ = {
			isa = XCBuildConfiguration;
			buildSettings = {
				ASSETCATALOG_COMPILER_APPICON_NAME = AppIcon;
				ASSETCATALOG_COMPILER_LAUNCHIMAGE_NAME = LaunchImage;
				INFOPLIST_FILE = YHStack/Info.plist;
				LD_RUNPATH_SEARCH_PATHS = "$(inherited) @executable_path/Frameworks";
				PRODUCT_NAME = "$(TARGET_NAME)";
			};
			name = Debug;
		};
		F039473A1A725763009C03AA /* Release */ = {
			isa = XCBuildConfiguration;
			buildSettings = {
				ASSETCATALOG_COMPILER_APPICON_NAME = AppIcon;
				ASSETCATALOG_COMPILER_LAUNCHIMAGE_NAME = LaunchImage;
				INFOPLIST_FILE = YHStack/Info.plist;
				LD_RUNPATH_SEARCH_PATHS = "$(inherited) @executable_path/Frameworks";
				PRODUCT_NAME = "$(TARGET_NAME)";
			};
			name = Release;
		};
		F039473C1A725763009C03AA /* Debug */ = {
			isa = XCBuildConfiguration;
			baseConfigurationReference = AEC99D8EB836A881051707F4 /* Pods-YHStackTests.debug.xcconfig */;
			buildSettings = {
				BUNDLE_LOADER = "$(TEST_HOST)";
				FRAMEWORK_SEARCH_PATHS = (
					"$(SDKROOT)/Developer/Library/Frameworks",
					"$(inherited)",
				);
				GCC_PREPROCESSOR_DEFINITIONS = (
					"DEBUG=1",
					"$(inherited)",
				);
				INFOPLIST_FILE = YHStackTests/Info.plist;
				LD_RUNPATH_SEARCH_PATHS = "$(inherited) @executable_path/Frameworks @loader_path/Frameworks";
				PRODUCT_NAME = "$(TARGET_NAME)";
				TEST_HOST = "$(BUILT_PRODUCTS_DIR)/YHStack.app/YHStack";
			};
			name = Debug;
		};
		F039473D1A725763009C03AA /* Release */ = {
			isa = XCBuildConfiguration;
			baseConfigurationReference = 4F36974BA0C52273C80910F5 /* Pods-YHStackTests.release.xcconfig */;
			buildSettings = {
				BUNDLE_LOADER = "$(TEST_HOST)";
				FRAMEWORK_SEARCH_PATHS = (
					"$(SDKROOT)/Developer/Library/Frameworks",
					"$(inherited)",
				);
				INFOPLIST_FILE = YHStackTests/Info.plist;
				LD_RUNPATH_SEARCH_PATHS = "$(inherited) @executable_path/Frameworks @loader_path/Frameworks";
				PRODUCT_NAME = "$(TARGET_NAME)";
				TEST_HOST = "$(BUILT_PRODUCTS_DIR)/YHStack.app/YHStack";
			};
			name = Release;
		};
/* End XCBuildConfiguration section */

/* Begin XCConfigurationList section */
		F03947101A725763009C03AA /* Build configuration list for PBXProject "YHStack" */ = {
			isa = XCConfigurationList;
			buildConfigurations = (
				F03947361A725763009C03AA /* Debug */,
				F03947371A725763009C03AA /* Release */,
			);
			defaultConfigurationIsVisible = 0;
			defaultConfigurationName = Release;
		};
		F03947381A725763009C03AA /* Build configuration list for PBXNativeTarget "YHStack" */ = {
			isa = XCConfigurationList;
			buildConfigurations = (
				F03947391A725763009C03AA /* Debug */,
				F039473A1A725763009C03AA /* Release */,
			);
			defaultConfigurationIsVisible = 0;
			defaultConfigurationName = Release;
		};
		F039473B1A725763009C03AA /* Build configuration list for PBXNativeTarget "YHStackTests" */ = {
			isa = XCConfigurationList;
			buildConfigurations = (
				F039473C1A725763009C03AA /* Debug */,
				F039473D1A725763009C03AA /* Release */,
			);
			defaultConfigurationIsVisible = 0;
			defaultConfigurationName = Release;
		};
/* End XCConfigurationList section */
	};
	rootObject = F039470D1A725763009C03AA /* Project object */;
}
